
Microsoft Visual Studio Solution File, Format Version 12.00
# Visual Studio Version 16
VisualStudioVersion = 16.0.31019.35
MinimumVisualStudioVersion = 10.0.40219.1
Project("{9A19103F-16F7-4668-BE54-9A1E7A4F7556}") = "CreateNodes", "CreateNodes\CreateNodes.csproj", "{936842A3-5113-4A11-8FA2-488E5CDE97D0}"
EndProject
Project("{9A19103F-16F7-4668-BE54-9A1E7A4F7556}") = "CreateBinaryTree", "CreateBinaryTree\CreateBinaryTree.csproj", "{6C5B0EAF-4B2C-460D-A707-140008D2B045}"
EndProject
Project("{FAE04EC0-301F-11D3-BF4B-00C04F79EFBC}") = "SearchBinaryTree", "SearchBinaryTree\SearchBinaryTree.csproj", "{ED9666BE-3044-4ACA-A118-F5654E535C1F}"
EndProject
Global
	GlobalSection(SolutionConfigurationPlatforms) = preSolution
		Debug|Any CPU = Debug|Any CPU
		Release|Any CPU = Release|Any CPU
	EndGlobalSection
	GlobalSection(ProjectConfigurationPlatforms) = postSolution
		{936842A3-5113-4A11-8FA2-488E5CDE97D0}.Debug|Any CPU.ActiveCfg = Debug|Any CPU
		{936842A3-5113-4A11-8FA2-488E5CDE97D0}.Debug|Any CPU.Build.0 = Debug|Any CPU
		{936842A3-5113-4A11-8FA2-488E5CDE97D0}.Release|Any CPU.ActiveCfg = Release|Any CPU
		{936842A3-5113-4A11-8FA2-488E5CDE97D0}.Release|Any CPU.Build.0 = Release|Any CPU
		{6C5B0EAF-4B2C-460D-A707-140008D2B045}.Debug|Any CPU.ActiveCfg = Debug|Any CPU
		{6C5B0EAF-4B2C-460D-A707-140008D2B045}.Debug|Any CPU.Build.0 = Debug|Any CPU
		{6C5B0EAF-4B2C-460D-A707-140008D2B045}.Release|Any CPU.ActiveCfg = Release|Any CPU
		{6C5B0EAF-4B2C-460D-A707-140008D2B045}.Release|Any CPU.Build.0 = Release|Any CPU
		{ED9666BE-3044-4ACA-A118-F5654E535C1F}.Debug|Any CPU.ActiveCfg = Debug|Any CPU
		{ED9666BE-3044-4ACA-A118-F5654E535C1F}.Debug|Any CPU.Build.0 = Debug|Any CPU
		{ED9666BE-3044-4ACA-A118-F5654E535C1F}.Release|Any CPU.ActiveCfg = Release|Any CPU
		{ED9666BE-3044-4ACA-A118-F5654E535C1F}.Release|Any CPU.Build.0 = Release|Any CPU
	EndGlobalSection
	GlobalSection(SolutionProperties) = preSolution
		HideSolutionNode = FALSE
	EndGlobalSection
	GlobalSection(ExtensibilityGlobals) = postSolution
		SolutionGuid = {49C31806-83BE-415B-B8DF-EB561DF87189}
	EndGlobalSection
EndGlobal
